<?xml version="1.0" encoding="utf-8"?>
<Project ToolsVersion="4.0" xmlns="http://schemas.microsoft.com/developer/msbuild/2003">
  <ItemGroup>
    <Filter Include="소스 파일">
      <UniqueIdentifier>{4FC737F1-C7A5-4376-A066-2A32D752A2FF}</UniqueIdentifier>
      <Extensions>cpp;c;cc;cxx;def;odl;idl;hpj;bat;asm;asmx</Extensions>
    </Filter>
    <Filter Include="헤더 파일">
      <UniqueIdentifier>{93995380-89BD-4b04-88EB-625FBE52EBFB}</UniqueIdentifier>
      <Extensions>h;hh;hpp;hxx;hm;inl;inc;ipp;xsd</Extensions>
    </Filter>
    <Filter Include="리소스 파일">
      <UniqueIdentifier>{67DA6AB6-F800-4c08-8B7A-83BB121AAD01}</UniqueIdentifier>
      <Extensions>rc;ico;cur;bmp;dlg;rc2;rct;bin;rgs;gif;jpg;jpeg;jpe;resx;tiff;tif;png;wav;mfcribbon-ms</Extensions>
    </Filter>
  </ItemGroup>
  <ItemGroup>
    <ClInclude Include="Puzzle\Piece\Piece.h">
      <Filter>헤더 파일</Filter>
    </ClInclude>
    <ClInclude Include="D2DFramework_v0.0006\Component\Animation\Animate\Animate.h">
      <Filter>헤더 파일</Filter>
    </ClInclude>
    <ClInclude Include="D2DFramework_v0.0006\Component\Animation\Animation.h">
      <Filter>헤더 파일</Filter>
    </ClInclude>
    <ClInclude Include="D2DFramework_v0.0006\Component\Collider\CircleCollider\CircleCollider.h">
      <Filter>헤더 파일</Filter>
    </ClInclude>
    <ClInclude Include="D2DFramework_v0.0006\Component\Collider\RectCollider\RectCollider.h">
      <Filter>헤더 파일</Filter>
    </ClInclude>
    <ClInclude Include="D2DFramework_v0.0006\Component\Collider\UICollider\UICollider.h">
      <Filter>헤더 파일</Filter>
    </ClInclude>
    <ClInclude Include="D2DFramework_v0.0006\Component\Collider\Collider.h">
      <Filter>헤더 파일</Filter>
    </ClInclude>
    <ClInclude Include="D2DFramework_v0.0006\Component\Navigator\Navigator.h">
      <Filter>헤더 파일</Filter>
    </ClInclude>
    <ClInclude Include="D2DFramework_v0.0006\Component\Transform\Transform.h">
      <Filter>헤더 파일</Filter>
    </ClInclude>
    <ClInclude Include="D2DFramework_v0.0006\Component\Component.h">
      <Filter>헤더 파일</Filter>
    </ClInclude>
    <ClInclude Include="D2DFramework_v0.0006\GameObject\Actor\Actor.h">
      <Filter>헤더 파일</Filter>
    </ClInclude>
    <ClInclude Include="D2DFramework_v0.0006\GameObject\Map\Tile\Tile.h">
      <Filter>헤더 파일</Filter>
    </ClInclude>
    <ClInclude Include="D2DFramework_v0.0006\GameObject\Map\Map.h">
      <Filter>헤더 파일</Filter>
    </ClInclude>
    <ClInclude Include="D2DFramework_v0.0006\GameObject\UI\UI.h">
      <Filter>헤더 파일</Filter>
    </ClInclude>
    <ClInclude Include="D2DFramework_v0.0006\GameObject\GameObject.h">
      <Filter>헤더 파일</Filter>
    </ClInclude>
    <ClInclude Include="D2DFramework_v0.0006\Interface\Collision\ICollision.h">
      <Filter>헤더 파일</Filter>
    </ClInclude>
    <ClInclude Include="D2DFramework_v0.0006\Interface\Command\ICommand.h">
      <Filter>헤더 파일</Filter>
    </ClInclude>
    <ClInclude Include="D2DFramework_v0.0006\Interface\Controller\Controller.h">
      <Filter>헤더 파일</Filter>
    </ClInclude>
    <ClInclude Include="D2DFramework_v0.0006\Interface\State\Move\MoveState.h">
      <Filter>헤더 파일</Filter>
    </ClInclude>
    <ClInclude Include="D2DFramework_v0.0006\Interface\State\IState.h">
      <Filter>헤더 파일</Filter>
    </ClInclude>
    <ClInclude Include="D2DFramework_v0.0006\Interface\UI\IUI.h">
      <Filter>헤더 파일</Filter>
    </ClInclude>
    <ClInclude Include="D2DFramework_v0.0006\MainEntry\MainEntry.h">
      <Filter>헤더 파일</Filter>
    </ClInclude>
    <ClInclude Include="D2DFramework_v0.0006\Manager\Collision\Moveable\MCollMgr.h">
      <Filter>헤더 파일</Filter>
    </ClInclude>
    <ClInclude Include="D2DFramework_v0.0006\Manager\Collision\UnMoveable\UMCollMgr.h">
      <Filter>헤더 파일</Filter>
    </ClInclude>
    <ClInclude Include="D2DFramework_v0.0006\Manager\GameObject\GameObjectManager.h">
      <Filter>헤더 파일</Filter>
    </ClInclude>
    <ClInclude Include="D2DFramework_v0.0006\Module\Brush\BrushModule.h">
      <Filter>헤더 파일</Filter>
    </ClInclude>
    <ClInclude Include="D2DFramework_v0.0006\Module\Camera\CameraModule.h">
      <Filter>헤더 파일</Filter>
    </ClInclude>
    <ClInclude Include="D2DFramework_v0.0006\Module\Font\FontManager.h">
      <Filter>헤더 파일</Filter>
    </ClInclude>
    <ClInclude Include="D2DFramework_v0.0006\Module\Image\ImageManager.h">
      <Filter>헤더 파일</Filter>
    </ClInclude>
    <ClInclude Include="D2DFramework_v0.0006\Module\Image\ImageModule.h">
      <Filter>헤더 파일</Filter>
    </ClInclude>
    <ClInclude Include="D2DFramework_v0.0006\Module\Key\KeyModule.h">
      <Filter>헤더 파일</Filter>
    </ClInclude>
    <ClInclude Include="D2DFramework_v0.0006\Module\Scene\SceneManager.h">
      <Filter>헤더 파일</Filter>
    </ClInclude>
    <ClInclude Include="D2DFramework_v0.0006\Module\Timer\TimerModule.h">
      <Filter>헤더 파일</Filter>
    </ClInclude>
    <ClInclude Include="D2DFramework_v0.0006\Module\SingletonBase.h">
      <Filter>헤더 파일</Filter>
    </ClInclude>
    <ClInclude Include="D2DFramework_v0.0006\System\Application\cApplication.h">
      <Filter>헤더 파일</Filter>
    </ClInclude>
    <ClInclude Include="D2DFramework_v0.0006\System\Application\DX2DApp.h">
      <Filter>헤더 파일</Filter>
    </ClInclude>
    <ClInclude Include="D2DFramework_v0.0006\System\DefineHeader.h">
      <Filter>헤더 파일</Filter>
    </ClInclude>
    <ClInclude Include="D2DFramework_v0.0006\System\stdafx.h">
      <Filter>헤더 파일</Filter>
    </ClInclude>
    <ClInclude Include="D2DFramework_v0.0006\System\targetver.h">
      <Filter>헤더 파일</Filter>
    </ClInclude>
    <ClInclude Include="D2DFramework_v0.0006\Utill\CapsuleF.h">
      <Filter>헤더 파일</Filter>
    </ClInclude>
    <ClInclude Include="D2DFramework_v0.0006\Utill\CollisionHelper.h">
      <Filter>헤더 파일</Filter>
    </ClInclude>
    <ClInclude Include="D2DFramework_v0.0006\Utill\SingletonHeader.h">
      <Filter>헤더 파일</Filter>
    </ClInclude>
    <ClInclude Include="D2DFramework_v0.0006\Utill\Utillity.h">
      <Filter>헤더 파일</Filter>
    </ClInclude>
    <ClInclude Include="D2DFramework_v0.0006\Component\Grid\GridMap.h">
      <Filter>헤더 파일</Filter>
    </ClInclude>
    <ClInclude Include="Puzzle\PuzzleMap\PuzzleMap.h">
      <Filter>헤더 파일</Filter>
    </ClInclude>
    <ClInclude Include="Puzzle\PuzzleEntry\PuzzleEntry.h">
      <Filter>헤더 파일</Filter>
    </ClInclude>
    <ClInclude Include="D2DFramework_v0.0006\Module\Sound\fmod\fmod.h">
      <Filter>헤더 파일</Filter>
    </ClInclude>
    <ClInclude Include="D2DFramework_v0.0006\Module\Sound\fmod\fmod.hpp">
      <Filter>헤더 파일</Filter>
    </ClInclude>
    <ClInclude Include="D2DFramework_v0.0006\Module\Sound\fmod\fmod_codec.h">
      <Filter>헤더 파일</Filter>
    </ClInclude>
    <ClInclude Include="D2DFramework_v0.0006\Module\Sound\fmod\fmod_dsp.h">
      <Filter>헤더 파일</Filter>
    </ClInclude>
    <ClInclude Include="D2DFramework_v0.0006\Module\Sound\fmod\fmod_errors.h">
      <Filter>헤더 파일</Filter>
    </ClInclude>
    <ClInclude Include="D2DFramework_v0.0006\Module\Sound\fmod\fmod_memoryinfo.h">
      <Filter>헤더 파일</Filter>
    </ClInclude>
    <ClInclude Include="D2DFramework_v0.0006\Module\Sound\fmod\fmod_output.h">
      <Filter>헤더 파일</Filter>
    </ClInclude>
    <ClInclude Include="D2DFramework_v0.0006\Module\Sound\SoundModule.h">
      <Filter>헤더 파일</Filter>
    </ClInclude>
  </ItemGroup>
  <ItemGroup>
    <ClCompile Include="Puzzle\Piece\Piece.cpp">
      <Filter>소스 파일</Filter>
    </ClCompile>
    <ClCompile Include="D2DFramework_v0.0006\Component\Animation\Animate\Animate.cpp">
      <Filter>소스 파일</Filter>
    </ClCompile>
    <ClCompile Include="D2DFramework_v0.0006\Component\Animation\Animation.cpp">
      <Filter>소스 파일</Filter>
    </ClCompile>
    <ClCompile Include="D2DFramework_v0.0006\Component\Collider\CircleCollider\CircleCollider.cpp">
      <Filter>소스 파일</Filter>
    </ClCompile>
    <ClCompile Include="D2DFramework_v0.0006\Component\Collider\RectCollider\RectCollider.cpp">
      <Filter>소스 파일</Filter>
    </ClCompile>
    <ClCompile Include="D2DFramework_v0.0006\Component\Collider\UICollider\UICollider.cpp">
      <Filter>소스 파일</Filter>
    </ClCompile>
    <ClCompile Include="D2DFramework_v0.0006\Component\Collider\Collider.cpp">
      <Filter>소스 파일</Filter>
    </ClCompile>
    <ClCompile Include="D2DFramework_v0.0006\Component\Navigator\Navigator.cpp">
      <Filter>소스 파일</Filter>
    </ClCompile>
    <ClCompile Include="D2DFramework_v0.0006\Component\Transform\Transform.cpp">
      <Filter>소스 파일</Filter>
    </ClCompile>
    <ClCompile Include="D2DFramework_v0.0006\Component\Component.cpp">
      <Filter>소스 파일</Filter>
    </ClCompile>
    <ClCompile Include="D2DFramework_v0.0006\GameObject\Actor\Actor.cpp">
      <Filter>소스 파일</Filter>
    </ClCompile>
    <ClCompile Include="D2DFramework_v0.0006\GameObject\Map\Tile\Tile.cpp">
      <Filter>소스 파일</Filter>
    </ClCompile>
    <ClCompile Include="D2DFramework_v0.0006\GameObject\Map\Map.cpp">
      <Filter>소스 파일</Filter>
    </ClCompile>
    <ClCompile Include="D2DFramework_v0.0006\GameObject\UI\UI.cpp">
      <Filter>소스 파일</Filter>
    </ClCompile>
    <ClCompile Include="D2DFramework_v0.0006\GameObject\GameObject.cpp">
      <Filter>소스 파일</Filter>
    </ClCompile>
    <ClCompile Include="D2DFramework_v0.0006\Interface\Controller\Controller.cpp">
      <Filter>소스 파일</Filter>
    </ClCompile>
    <ClCompile Include="D2DFramework_v0.0006\Interface\State\Move\MoveState.cpp">
      <Filter>소스 파일</Filter>
    </ClCompile>
    <ClCompile Include="D2DFramework_v0.0006\MainEntry\MainEntry.cpp">
      <Filter>소스 파일</Filter>
    </ClCompile>
    <ClCompile Include="D2DFramework_v0.0006\Manager\Collision\Moveable\MCollMgr.cpp">
      <Filter>소스 파일</Filter>
    </ClCompile>
    <ClCompile Include="D2DFramework_v0.0006\Manager\Collision\UnMoveable\UMCollMgr.cpp">
      <Filter>소스 파일</Filter>
    </ClCompile>
    <ClCompile Include="D2DFramework_v0.0006\Manager\GameObject\GameObjectManager.cpp">
      <Filter>소스 파일</Filter>
    </ClCompile>
    <ClCompile Include="D2DFramework_v0.0006\Module\Brush\BrushModule.cpp">
      <Filter>소스 파일</Filter>
    </ClCompile>
    <ClCompile Include="D2DFramework_v0.0006\Module\Camera\CameraModule.cpp">
      <Filter>소스 파일</Filter>
    </ClCompile>
    <ClCompile Include="D2DFramework_v0.0006\Module\Font\FontManager.cpp">
      <Filter>소스 파일</Filter>
    </ClCompile>
    <ClCompile Include="D2DFramework_v0.0006\Module\Image\ImageManager.cpp">
      <Filter>소스 파일</Filter>
    </ClCompile>
    <ClCompile Include="D2DFramework_v0.0006\Module\Image\ImageModule.cpp">
      <Filter>소스 파일</Filter>
    </ClCompile>
    <ClCompile Include="D2DFramework_v0.0006\Module\Image\ImageModule_Transform.cpp">
      <Filter>소스 파일</Filter>
    </ClCompile>
    <ClCompile Include="D2DFramework_v0.0006\Module\Key\KeyModule.cpp">
      <Filter>소스 파일</Filter>
    </ClCompile>
    <ClCompile Include="D2DFramework_v0.0006\Module\Scene\SceneManager.cpp">
      <Filter>소스 파일</Filter>
    </ClCompile>
    <ClCompile Include="D2DFramework_v0.0006\Module\Timer\TimerModule.cpp">
      <Filter>소스 파일</Filter>
    </ClCompile>
    <ClCompile Include="D2DFramework_v0.0006\System\Application\cApplication.cpp">
      <Filter>소스 파일</Filter>
    </ClCompile>
    <ClCompile Include="D2DFramework_v0.0006\System\Application\DX2DApp.cpp">
      <Filter>소스 파일</Filter>
    </ClCompile>
    <ClCompile Include="D2DFramework_v0.0006\System\Application\winMain.cpp">
      <Filter>소스 파일</Filter>
    </ClCompile>
    <ClCompile Include="D2DFramework_v0.0006\System\stdafx.cpp">
      <Filter>소스 파일</Filter>
    </ClCompile>
    <ClCompile Include="D2DFramework_v0.0006\Utill\CollisionHelper.cpp">
      <Filter>소스 파일</Filter>
    </ClCompile>
    <ClCompile Include="D2DFramework_v0.0006\Component\Grid\GridMap.cpp">
      <Filter>소스 파일</Filter>
    </ClCompile>
    <ClCompile Include="Puzzle\PuzzleMap\PuzzleMap.cpp">
      <Filter>소스 파일</Filter>
    </ClCompile>
    <ClCompile Include="Puzzle\PuzzleEntry\PuzzleEntry.cpp">
      <Filter>소스 파일</Filter>
    </ClCompile>
    <ClCompile Include="D2DFramework_v0.0006\Module\Sound\SoundModule.cpp">
      <Filter>소스 파일</Filter>
    </ClCompile>
  </ItemGroup>
</Project>