
Microsoft Visual Studio Solution File, Format Version 12.00
# Visual Studio 15
VisualStudioVersion = 15.0.28307.329
MinimumVisualStudioVersion = 10.0.40219.1
Project("{8BC9CEB8-8B4A-11D0-8D11-00A0C91BC942}") = "D2DFramework_v0.0", "D2DFramework_v0.0.vcxproj", "{A358088A-A3C6-4F5D-9FE1-DF47121A557C}"
EndProject
Global
	GlobalSection(SolutionConfigurationPlatforms) = preSolution
		Debug|x64 = Debug|x64
		Debug|x86 = Debug|x86
		Release|x64 = Release|x64
		Release|x86 = Release|x86
	EndGlobalSection
	GlobalSection(ProjectConfigurationPlatforms) = postSolution
		{A358088A-A3C6-4F5D-9FE1-DF47121A557C}.Debug|x64.ActiveCfg = Debug|x64
		{A358088A-A3C6-4F5D-9FE1-DF47121A557C}.Debug|x64.Build.0 = Debug|x64
		{A358088A-A3C6-4F5D-9FE1-DF47121A557C}.Debug|x86.ActiveCfg = Debug|Win32
		{A358088A-A3C6-4F5D-9FE1-DF47121A557C}.Debug|x86.Build.0 = Debug|Win32
		{A358088A-A3C6-4F5D-9FE1-DF47121A557C}.Release|x64.ActiveCfg = Release|x64
		{A358088A-A3C6-4F5D-9FE1-DF47121A557C}.Release|x64.Build.0 = Release|x64
		{A358088A-A3C6-4F5D-9FE1-DF47121A557C}.Release|x86.ActiveCfg = Release|Win32
		{A358088A-A3C6-4F5D-9FE1-DF47121A557C}.Release|x86.Build.0 = Release|Win32
	EndGlobalSection
	GlobalSection(SolutionProperties) = preSolution
		HideSolutionNode = FALSE
	EndGlobalSection
	GlobalSection(ExtensibilityGlobals) = postSolution
		SolutionGuid = {0DC87C8A-AC39-4714-8369-D036619E09B4}
	EndGlobalSection
EndGlobal
