<?xml version="1.0" encoding="utf-8"?>
<Project ToolsVersion="4.0" xmlns="http://schemas.microsoft.com/developer/msbuild/2003">
  <ItemGroup>
    <Filter Include="소스 파일">
      <UniqueIdentifier>{4FC737F1-C7A5-4376-A066-2A32D752A2FF}</UniqueIdentifier>
      <Extensions>cpp;c;cc;cxx;def;odl;idl;hpj;bat;asm;asmx</Extensions>
    </Filter>
    <Filter Include="헤더 파일">
      <UniqueIdentifier>{93995380-89BD-4b04-88EB-625FBE52EBFB}</UniqueIdentifier>
      <Extensions>h;hh;hpp;hxx;hm;inl;inc;ipp;xsd</Extensions>
    </Filter>
    <Filter Include="리소스 파일">
      <UniqueIdentifier>{67DA6AB6-F800-4c08-8B7A-83BB121AAD01}</UniqueIdentifier>
      <Extensions>rc;ico;cur;bmp;dlg;rc2;rct;bin;rgs;gif;jpg;jpeg;jpe;resx;tiff;tif;png;wav;mfcribbon-ms</Extensions>
    </Filter>
  </ItemGroup>
  <ItemGroup>
    <ClInclude Include="System\stdafx.h">
      <Filter>헤더 파일</Filter>
    </ClInclude>
    <ClInclude Include="System\targetver.h">
      <Filter>헤더 파일</Filter>
    </ClInclude>
    <ClInclude Include="System\Application\cApplication.h">
      <Filter>헤더 파일</Filter>
    </ClInclude>
    <ClInclude Include="System\Application\DX2DApp.h">
      <Filter>헤더 파일</Filter>
    </ClInclude>
    <ClInclude Include="MainEntry\MainEntry.h">
      <Filter>헤더 파일</Filter>
    </ClInclude>
    <ClInclude Include="System\DefineHeader.h">
      <Filter>헤더 파일</Filter>
    </ClInclude>
    <ClInclude Include="Utill\Utillity.h">
      <Filter>헤더 파일</Filter>
    </ClInclude>
    <ClInclude Include="Utill\SingletonHeader.h">
      <Filter>헤더 파일</Filter>
    </ClInclude>
    <ClInclude Include="Module\SingletonBase.h">
      <Filter>헤더 파일</Filter>
    </ClInclude>
    <ClInclude Include="Module\Sound\SoundModule.h">
      <Filter>헤더 파일</Filter>
    </ClInclude>
    <ClInclude Include="Module\Brush\BrushModule.h">
      <Filter>헤더 파일</Filter>
    </ClInclude>
    <ClInclude Include="Module\Button\ButtonModule.h">
      <Filter>헤더 파일</Filter>
    </ClInclude>
    <ClInclude Include="Module\Camera\CameraModule.h">
      <Filter>헤더 파일</Filter>
    </ClInclude>
    <ClInclude Include="Module\Effect\Effect.h">
      <Filter>헤더 파일</Filter>
    </ClInclude>
    <ClInclude Include="Module\Effect\EffectModule.h">
      <Filter>헤더 파일</Filter>
    </ClInclude>
    <ClInclude Include="Module\Font\FontManager.h">
      <Filter>헤더 파일</Filter>
    </ClInclude>
    <ClInclude Include="Module\Image\ImageManager.h">
      <Filter>헤더 파일</Filter>
    </ClInclude>
    <ClInclude Include="Module\Image\ImageModule.h">
      <Filter>헤더 파일</Filter>
    </ClInclude>
    <ClInclude Include="Module\Key\KeyModule.h">
      <Filter>헤더 파일</Filter>
    </ClInclude>
    <ClInclude Include="Module\Scene\SceneManager.h">
      <Filter>헤더 파일</Filter>
    </ClInclude>
    <ClInclude Include="Module\Timer\TimerModule.h">
      <Filter>헤더 파일</Filter>
    </ClInclude>
    <ClInclude Include="GameObject\GameObject.h">
      <Filter>헤더 파일</Filter>
    </ClInclude>
    <ClInclude Include="Component\Transform\Transform.h">
      <Filter>헤더 파일</Filter>
    </ClInclude>
    <ClInclude Include="Component\Collider\Collider.h">
      <Filter>헤더 파일</Filter>
    </ClInclude>
    <ClInclude Include="Component\Collider\RectCollider\RectCollider.h">
      <Filter>헤더 파일</Filter>
    </ClInclude>
    <ClInclude Include="Component\Collider\ColliderManager\ColliderManager.h">
      <Filter>헤더 파일</Filter>
    </ClInclude>
    <ClInclude Include="GameObject\GameObjectManager\GameObjectManager.h">
      <Filter>헤더 파일</Filter>
    </ClInclude>
    <ClInclude Include="Component\Collider\CircleCollider\CircleCollider.h">
      <Filter>헤더 파일</Filter>
    </ClInclude>
    <ClInclude Include="Utill\CollisionHelper.h">
      <Filter>헤더 파일</Filter>
    </ClInclude>
    <ClInclude Include="Component\Component.h">
      <Filter>헤더 파일</Filter>
    </ClInclude>
  </ItemGroup>
  <ItemGroup>
    <ClCompile Include="System\stdafx.cpp">
      <Filter>소스 파일</Filter>
    </ClCompile>
    <ClCompile Include="System\Application\winMain.cpp">
      <Filter>소스 파일</Filter>
    </ClCompile>
    <ClCompile Include="System\Application\cApplication.cpp">
      <Filter>소스 파일</Filter>
    </ClCompile>
    <ClCompile Include="System\Application\DX2DApp.cpp">
      <Filter>소스 파일</Filter>
    </ClCompile>
    <ClCompile Include="MainEntry\MainEntry.cpp">
      <Filter>소스 파일</Filter>
    </ClCompile>
    <ClCompile Include="Module\Sound\SoundModule.cpp">
      <Filter>소스 파일</Filter>
    </ClCompile>
    <ClCompile Include="Module\Brush\BrushModule.cpp">
      <Filter>소스 파일</Filter>
    </ClCompile>
    <ClCompile Include="Module\Button\ButtonModule.cpp">
      <Filter>소스 파일</Filter>
    </ClCompile>
    <ClCompile Include="Module\Camera\CameraModule.cpp">
      <Filter>소스 파일</Filter>
    </ClCompile>
    <ClCompile Include="Module\Effect\Effect.cpp">
      <Filter>소스 파일</Filter>
    </ClCompile>
    <ClCompile Include="Module\Effect\EffectModule.cpp">
      <Filter>소스 파일</Filter>
    </ClCompile>
    <ClCompile Include="Module\Font\FontManager.cpp">
      <Filter>소스 파일</Filter>
    </ClCompile>
    <ClCompile Include="Module\Image\ImageManager.cpp">
      <Filter>소스 파일</Filter>
    </ClCompile>
    <ClCompile Include="Module\Image\ImageModule.cpp">
      <Filter>소스 파일</Filter>
    </ClCompile>
    <ClCompile Include="Module\Key\KeyModule.cpp">
      <Filter>소스 파일</Filter>
    </ClCompile>
    <ClCompile Include="Module\Scene\SceneManager.cpp">
      <Filter>소스 파일</Filter>
    </ClCompile>
    <ClCompile Include="Module\Timer\TimerModule.cpp">
      <Filter>소스 파일</Filter>
    </ClCompile>
    <ClCompile Include="GameObject\GameObject.cpp">
      <Filter>소스 파일</Filter>
    </ClCompile>
    <ClCompile Include="Component\Transform\Transform.cpp">
      <Filter>소스 파일</Filter>
    </ClCompile>
    <ClCompile Include="Component\Collider\Collider.cpp">
      <Filter>소스 파일</Filter>
    </ClCompile>
    <ClCompile Include="Component\Collider\RectCollider\RectCollider.cpp">
      <Filter>소스 파일</Filter>
    </ClCompile>
    <ClCompile Include="Component\Collider\ColliderManager\ColliderManager.cpp">
      <Filter>소스 파일</Filter>
    </ClCompile>
    <ClCompile Include="GameObject\GameObjectManager\GameObjectManager.cpp">
      <Filter>소스 파일</Filter>
    </ClCompile>
    <ClCompile Include="Component\Collider\CircleCollider\CircleCollider.cpp">
      <Filter>소스 파일</Filter>
    </ClCompile>
    <ClCompile Include="Utill\CollisionHelper.cpp">
      <Filter>소스 파일</Filter>
    </ClCompile>
    <ClCompile Include="Component\Component.cpp">
      <Filter>소스 파일</Filter>
    </ClCompile>
  </ItemGroup>
  <ItemGroup>
    <Text Include="TempCode.txt" />
  </ItemGroup>
</Project>